
Microsoft Visual Studio Solution File, Format Version 12.00
# Visual Studio Version 16
VisualStudioVersion = 16.0.31424.327
MinimumVisualStudioVersion = 10.0.40219.1
Project("{888888A0-9F3D-457C-B088-3A5042F75D52}") = "Gallows", "Gallows.pyproj", "{AA09D301-4EE8-440B-8135-E3969C385996}"
EndProject
Global
	GlobalSection(SolutionConfigurationPlatforms) = preSolution
		Debug|Any CPU = Debug|Any CPU
		Release|Any CPU = Release|Any CPU
	EndGlobalSection
	GlobalSection(ProjectConfigurationPlatforms) = postSolution
		{AA09D301-4EE8-440B-8135-E3969C385996}.Debug|Any CPU.ActiveCfg = Debug|Any CPU
		{AA09D301-4EE8-440B-8135-E3969C385996}.Release|Any CPU.ActiveCfg = Release|Any CPU
	EndGlobalSection
	GlobalSection(SolutionProperties) = preSolution
		HideSolutionNode = FALSE
	EndGlobalSection
	GlobalSection(ExtensibilityGlobals) = postSolution
		SolutionGuid = {E83DCB51-3B0D-4842-BEC3-B7A5D06B6F34}
	EndGlobalSection
EndGlobal
